
Microsoft Visual Studio Solution File, Format Version 12.00
Project("{FAE04EC0-301F-11D3-BF4B-00C04F79EFBC}") = "ApexTools.Console", "ApexTools.Console\ApexTools.Console.csproj", "{42E80B9B-5B86-49AB-B2CC-9C04684B78BD}"
EndProject
Project("{FAE04EC0-301F-11D3-BF4B-00C04F79EFBC}") = "ApexTools.Core", "ApexTools.Core\ApexTools.Core.csproj", "{B9F3E979-3758-4EB6-B7A8-EDA7661ADC3A}"
EndProject
Project("{2150E333-8FDC-42A3-9474-1A3956D46DE8}") = "ApexFormats", "ApexFormats", "{A96A691D-B1C4-4A10-A873-4109635E191D}"
EndProject
Project("{FAE04EC0-301F-11D3-BF4B-00C04F79EFBC}") = "ApexFormat.AAF.V01", "ApexFormats\ApexFormat.AAF.V01\ApexFormat.AAF.V01.csproj", "{940213F3-E1F2-4373-9994-6C5C79A66610}"
EndProject
Project("{FAE04EC0-301F-11D3-BF4B-00C04F79EFBC}") = "ApexFormat.SARC.V02", "ApexFormats\ApexFormat.SARC.V02\ApexFormat.SARC.V02.csproj", "{3D623FD8-D992-4241-A62B-FC6F0A73CB4E}"
EndProject
Project("{FAE04EC0-301F-11D3-BF4B-00C04F79EFBC}") = "ApexFormat.RTPC.V03", "ApexFormats\ApexFormat.RTPC.V03\ApexFormat.RTPC.V03.csproj", "{B790913E-F521-4215-9DB9-50966CED4D7A}"
EndProject
Project("{FAE04EC0-301F-11D3-BF4B-00C04F79EFBC}") = "ApexFormat.ADF.V04", "ApexFormats\ApexFormat.ADF.V04\ApexFormat.ADF.V04.csproj", "{472E153F-DC9D-4F41-9534-97DC681B5679}"
EndProject
Project("{FAE04EC0-301F-11D3-BF4B-00C04F79EFBC}") = "ApexFormat.RTPC.V03.Flat", "ApexFormats\ApexFormat.RTPC.V03.Flat\ApexFormat.RTPC.V03.Flat.csproj", "{C98F57B2-6540-4C9D-BA23-28E0C24C6018}"
EndProject
Project("{FAE04EC0-301F-11D3-BF4B-00C04F79EFBC}") = "ApexTools.Chain", "ApexTools.Chain\ApexTools.Chain.csproj", "{951AC660-7501-41D5-BD21-E48175663EBD}"
EndProject
Project("{2150E333-8FDC-42A3-9474-1A3956D46DE8}") = "Debug", "Debug", "{D8E88F12-C82A-47AB-BB9E-1D77E2C15C29}"
EndProject
Project("{FAE04EC0-301F-11D3-BF4B-00C04F79EFBC}") = "ApexFormat.IRTPC.V01.Debug", "ApexFormats\ApexFormat.IRTPC.V01.Debug\ApexFormat.IRTPC.V01.Debug.csproj", "{B2C30530-F482-4E38-B1E2-AC4C114B72F3}"
EndProject
Project("{FAE04EC0-301F-11D3-BF4B-00C04F79EFBC}") = "ApexFormat.RTPC.V03.Inline", "ApexFormats\ApexFormat.RTPC.V03.Inline\ApexFormat.RTPC.V03.Inline.csproj", "{A2A8A912-6486-4E1B-9AC8-357CEE14D859}"
EndProject
Global
	GlobalSection(SolutionConfigurationPlatforms) = preSolution
		Debug|Any CPU = Debug|Any CPU
		Release|Any CPU = Release|Any CPU
	EndGlobalSection
	GlobalSection(ProjectConfigurationPlatforms) = postSolution
		{42E80B9B-5B86-49AB-B2CC-9C04684B78BD}.Debug|Any CPU.ActiveCfg = Debug|Any CPU
		{42E80B9B-5B86-49AB-B2CC-9C04684B78BD}.Debug|Any CPU.Build.0 = Debug|Any CPU
		{42E80B9B-5B86-49AB-B2CC-9C04684B78BD}.Release|Any CPU.ActiveCfg = Release|Any CPU
		{42E80B9B-5B86-49AB-B2CC-9C04684B78BD}.Release|Any CPU.Build.0 = Release|Any CPU
		{B9F3E979-3758-4EB6-B7A8-EDA7661ADC3A}.Debug|Any CPU.ActiveCfg = Debug|Any CPU
		{B9F3E979-3758-4EB6-B7A8-EDA7661ADC3A}.Debug|Any CPU.Build.0 = Debug|Any CPU
		{B9F3E979-3758-4EB6-B7A8-EDA7661ADC3A}.Release|Any CPU.ActiveCfg = Release|Any CPU
		{B9F3E979-3758-4EB6-B7A8-EDA7661ADC3A}.Release|Any CPU.Build.0 = Release|Any CPU
		{940213F3-E1F2-4373-9994-6C5C79A66610}.Debug|Any CPU.ActiveCfg = Debug|Any CPU
		{940213F3-E1F2-4373-9994-6C5C79A66610}.Debug|Any CPU.Build.0 = Debug|Any CPU
		{940213F3-E1F2-4373-9994-6C5C79A66610}.Release|Any CPU.ActiveCfg = Release|Any CPU
		{940213F3-E1F2-4373-9994-6C5C79A66610}.Release|Any CPU.Build.0 = Release|Any CPU
		{3D623FD8-D992-4241-A62B-FC6F0A73CB4E}.Debug|Any CPU.ActiveCfg = Debug|Any CPU
		{3D623FD8-D992-4241-A62B-FC6F0A73CB4E}.Debug|Any CPU.Build.0 = Debug|Any CPU
		{3D623FD8-D992-4241-A62B-FC6F0A73CB4E}.Release|Any CPU.ActiveCfg = Release|Any CPU
		{3D623FD8-D992-4241-A62B-FC6F0A73CB4E}.Release|Any CPU.Build.0 = Release|Any CPU
		{951AC660-7501-41D5-BD21-E48175663EBD}.Debug|Any CPU.ActiveCfg = Debug|Any CPU
		{951AC660-7501-41D5-BD21-E48175663EBD}.Debug|Any CPU.Build.0 = Debug|Any CPU
		{951AC660-7501-41D5-BD21-E48175663EBD}.Release|Any CPU.ActiveCfg = Release|Any CPU
		{951AC660-7501-41D5-BD21-E48175663EBD}.Release|Any CPU.Build.0 = Release|Any CPU
		{B790913E-F521-4215-9DB9-50966CED4D7A}.Debug|Any CPU.ActiveCfg = Debug|Any CPU
		{B790913E-F521-4215-9DB9-50966CED4D7A}.Debug|Any CPU.Build.0 = Debug|Any CPU
		{B790913E-F521-4215-9DB9-50966CED4D7A}.Release|Any CPU.ActiveCfg = Release|Any CPU
		{B790913E-F521-4215-9DB9-50966CED4D7A}.Release|Any CPU.Build.0 = Release|Any CPU
		{B2C30530-F482-4E38-B1E2-AC4C114B72F3}.Debug|Any CPU.ActiveCfg = Debug|Any CPU
		{B2C30530-F482-4E38-B1E2-AC4C114B72F3}.Debug|Any CPU.Build.0 = Debug|Any CPU
		{B2C30530-F482-4E38-B1E2-AC4C114B72F3}.Release|Any CPU.ActiveCfg = Release|Any CPU
		{B2C30530-F482-4E38-B1E2-AC4C114B72F3}.Release|Any CPU.Build.0 = Release|Any CPU
		{472E153F-DC9D-4F41-9534-97DC681B5679}.Debug|Any CPU.ActiveCfg = Debug|Any CPU
		{472E153F-DC9D-4F41-9534-97DC681B5679}.Debug|Any CPU.Build.0 = Debug|Any CPU
		{472E153F-DC9D-4F41-9534-97DC681B5679}.Release|Any CPU.ActiveCfg = Release|Any CPU
		{472E153F-DC9D-4F41-9534-97DC681B5679}.Release|Any CPU.Build.0 = Release|Any CPU
		{C98F57B2-6540-4C9D-BA23-28E0C24C6018}.Debug|Any CPU.ActiveCfg = Debug|Any CPU
		{C98F57B2-6540-4C9D-BA23-28E0C24C6018}.Debug|Any CPU.Build.0 = Debug|Any CPU
		{C98F57B2-6540-4C9D-BA23-28E0C24C6018}.Release|Any CPU.ActiveCfg = Release|Any CPU
		{C98F57B2-6540-4C9D-BA23-28E0C24C6018}.Release|Any CPU.Build.0 = Release|Any CPU
		{A2A8A912-6486-4E1B-9AC8-357CEE14D859}.Debug|Any CPU.ActiveCfg = Debug|Any CPU
		{A2A8A912-6486-4E1B-9AC8-357CEE14D859}.Debug|Any CPU.Build.0 = Debug|Any CPU
		{A2A8A912-6486-4E1B-9AC8-357CEE14D859}.Release|Any CPU.ActiveCfg = Release|Any CPU
		{A2A8A912-6486-4E1B-9AC8-357CEE14D859}.Release|Any CPU.Build.0 = Release|Any CPU
	EndGlobalSection
	GlobalSection(NestedProjects) = preSolution
		{C98F57B2-6540-4C9D-BA23-28E0C24C6018} = {A96A691D-B1C4-4A10-A873-4109635E191D}
		{D8E88F12-C82A-47AB-BB9E-1D77E2C15C29} = {A96A691D-B1C4-4A10-A873-4109635E191D}
		{B2C30530-F482-4E38-B1E2-AC4C114B72F3} = {D8E88F12-C82A-47AB-BB9E-1D77E2C15C29}
		{940213F3-E1F2-4373-9994-6C5C79A66610} = {A96A691D-B1C4-4A10-A873-4109635E191D}
		{472E153F-DC9D-4F41-9534-97DC681B5679} = {A96A691D-B1C4-4A10-A873-4109635E191D}
		{B790913E-F521-4215-9DB9-50966CED4D7A} = {A96A691D-B1C4-4A10-A873-4109635E191D}
		{3D623FD8-D992-4241-A62B-FC6F0A73CB4E} = {A96A691D-B1C4-4A10-A873-4109635E191D}
		{A2A8A912-6486-4E1B-9AC8-357CEE14D859} = {A96A691D-B1C4-4A10-A873-4109635E191D}
	EndGlobalSection
EndGlobal
