
Microsoft Visual Studio Solution File, Format Version 12.00
Project("{FAE04EC0-301F-11D3-BF4B-00C04F79EFBC}") = "EonZeNx.ApexTools", "EonZeNx.ApexTools\EonZeNx.ApexTools.csproj", "{42E80B9B-5B86-49AB-B2CC-9C04684B78BD}"
EndProject
Project("{FAE04EC0-301F-11D3-BF4B-00C04F79EFBC}") = "EonZeNx.ApexTools.Core", "EonZeNx.ApexTools.Core\EonZeNx.ApexTools.Core.csproj", "{B9F3E979-3758-4EB6-B7A8-EDA7661ADC3A}"
EndProject
Project("{FAE04EC0-301F-11D3-BF4B-00C04F79EFBC}") = "EonZeNx.ApexTools.Config", "EonZeNx.ApexTools.Config\EonZeNx.ApexTools.Config.csproj", "{1175B690-2C05-481A-A969-F8A4E61345AD}"
EndProject
Project("{FAE04EC0-301F-11D3-BF4B-00C04F79EFBC}") = "EonZeNx.ApexFormats.AAF.V01", "EonZeNx.ApexFormats.AAF.V01\EonZeNx.ApexFormats.AAF.V01.csproj", "{940213F3-E1F2-4373-9994-6C5C79A66610}"
EndProject
Project("{2150E333-8FDC-42A3-9474-1A3956D46DE8}") = "ApexFormats", "ApexFormats", "{A96A691D-B1C4-4A10-A873-4109635E191D}"
EndProject
Project("{FAE04EC0-301F-11D3-BF4B-00C04F79EFBC}") = "EonZeNx.ApexFormats.SARC.V02", "EonZeNx.ApexFormats.SARC.V02\EonZeNx.ApexFormats.SARC.V02.csproj", "{3D623FD8-D992-4241-A62B-FC6F0A73CB4E}"
EndProject
Project("{2150E333-8FDC-42A3-9474-1A3956D46DE8}") = "PassThrough", "PassThrough", "{F6E37144-7EDD-4DC9-858B-161925FDB17A}"
EndProject
Project("{FAE04EC0-301F-11D3-BF4B-00C04F79EFBC}") = "EonZeNx.ApexTools.PassThrough", "EonZeNx.ApexTools.PassThrough\EonZeNx.ApexTools.PassThrough.csproj", "{951AC660-7501-41D5-BD21-E48175663EBD}"
EndProject
Project("{FAE04EC0-301F-11D3-BF4B-00C04F79EFBC}") = "EonZeNx.ApexFormats.IRTPC.V01", "EonZeNx.ApexFormats.IRTPC.V01\EonZeNx.ApexFormats.IRTPC.V01.csproj", "{D9DEE159-10CF-43C3-ACB2-591AC50C57C4}"
EndProject
Project("{FAE04EC0-301F-11D3-BF4B-00C04F79EFBC}") = "EonZeNx.ApexFormats.RTPC.V03", "EonZeNx.ApexFormats.RTPC.V03\EonZeNx.ApexFormats.RTPC.V03.csproj", "{B790913E-F521-4215-9DB9-50966CED4D7A}"
EndProject
Project("{2150E333-8FDC-42A3-9474-1A3956D46DE8}") = "ApexFormatsDebug", "ApexFormatsDebug", "{3F6A33A0-638E-4075-9DE9-0B4A876EFB6A}"
EndProject
Project("{FAE04EC0-301F-11D3-BF4B-00C04F79EFBC}") = "EonZeNx.ApexFormats.IRTPC.Dv01", "EonZeNx.ApexFormats.IRTPC.Dv01\EonZeNx.ApexFormats.IRTPC.Dv01.csproj", "{B2C30530-F482-4E38-B1E2-AC4C114B72F3}"
EndProject
Project("{2150E333-8FDC-42A3-9474-1A3956D46DE8}") = "Just Cause 3", "Just Cause 3", "{799F2F65-E48D-4750-81AD-14724921F6A8}"
EndProject
Project("{FAE04EC0-301F-11D3-BF4B-00C04F79EFBC}") = "EonZeNx.ApexFormats.ADF.V04", "EonZeNx.ApexFormats.ADF.V04\EonZeNx.ApexFormats.ADF.V04.csproj", "{472E153F-DC9D-4F41-9534-97DC681B5679}"
EndProject
Project("{FAE04EC0-301F-11D3-BF4B-00C04F79EFBC}") = "ApexTools.JC4.RTPC.V03", "ApexTools.JC4.RTPC.V03\ApexTools.JC4.RTPC.V03.csproj", "{C98F57B2-6540-4C9D-BA23-28E0C24C6018}"
EndProject
Global
	GlobalSection(SolutionConfigurationPlatforms) = preSolution
		Debug|Any CPU = Debug|Any CPU
		Release|Any CPU = Release|Any CPU
	EndGlobalSection
	GlobalSection(ProjectConfigurationPlatforms) = postSolution
		{42E80B9B-5B86-49AB-B2CC-9C04684B78BD}.Debug|Any CPU.ActiveCfg = Debug|Any CPU
		{42E80B9B-5B86-49AB-B2CC-9C04684B78BD}.Debug|Any CPU.Build.0 = Debug|Any CPU
		{42E80B9B-5B86-49AB-B2CC-9C04684B78BD}.Release|Any CPU.ActiveCfg = Release|Any CPU
		{42E80B9B-5B86-49AB-B2CC-9C04684B78BD}.Release|Any CPU.Build.0 = Release|Any CPU
		{B9F3E979-3758-4EB6-B7A8-EDA7661ADC3A}.Debug|Any CPU.ActiveCfg = Debug|Any CPU
		{B9F3E979-3758-4EB6-B7A8-EDA7661ADC3A}.Debug|Any CPU.Build.0 = Debug|Any CPU
		{B9F3E979-3758-4EB6-B7A8-EDA7661ADC3A}.Release|Any CPU.ActiveCfg = Release|Any CPU
		{B9F3E979-3758-4EB6-B7A8-EDA7661ADC3A}.Release|Any CPU.Build.0 = Release|Any CPU
		{1175B690-2C05-481A-A969-F8A4E61345AD}.Debug|Any CPU.ActiveCfg = Debug|Any CPU
		{1175B690-2C05-481A-A969-F8A4E61345AD}.Debug|Any CPU.Build.0 = Debug|Any CPU
		{1175B690-2C05-481A-A969-F8A4E61345AD}.Release|Any CPU.ActiveCfg = Release|Any CPU
		{1175B690-2C05-481A-A969-F8A4E61345AD}.Release|Any CPU.Build.0 = Release|Any CPU
		{940213F3-E1F2-4373-9994-6C5C79A66610}.Debug|Any CPU.ActiveCfg = Debug|Any CPU
		{940213F3-E1F2-4373-9994-6C5C79A66610}.Debug|Any CPU.Build.0 = Debug|Any CPU
		{940213F3-E1F2-4373-9994-6C5C79A66610}.Release|Any CPU.ActiveCfg = Release|Any CPU
		{940213F3-E1F2-4373-9994-6C5C79A66610}.Release|Any CPU.Build.0 = Release|Any CPU
		{3D623FD8-D992-4241-A62B-FC6F0A73CB4E}.Debug|Any CPU.ActiveCfg = Debug|Any CPU
		{3D623FD8-D992-4241-A62B-FC6F0A73CB4E}.Debug|Any CPU.Build.0 = Debug|Any CPU
		{3D623FD8-D992-4241-A62B-FC6F0A73CB4E}.Release|Any CPU.ActiveCfg = Release|Any CPU
		{3D623FD8-D992-4241-A62B-FC6F0A73CB4E}.Release|Any CPU.Build.0 = Release|Any CPU
		{951AC660-7501-41D5-BD21-E48175663EBD}.Debug|Any CPU.ActiveCfg = Debug|Any CPU
		{951AC660-7501-41D5-BD21-E48175663EBD}.Debug|Any CPU.Build.0 = Debug|Any CPU
		{951AC660-7501-41D5-BD21-E48175663EBD}.Release|Any CPU.ActiveCfg = Release|Any CPU
		{951AC660-7501-41D5-BD21-E48175663EBD}.Release|Any CPU.Build.0 = Release|Any CPU
		{D9DEE159-10CF-43C3-ACB2-591AC50C57C4}.Debug|Any CPU.ActiveCfg = Debug|Any CPU
		{D9DEE159-10CF-43C3-ACB2-591AC50C57C4}.Debug|Any CPU.Build.0 = Debug|Any CPU
		{D9DEE159-10CF-43C3-ACB2-591AC50C57C4}.Release|Any CPU.ActiveCfg = Release|Any CPU
		{D9DEE159-10CF-43C3-ACB2-591AC50C57C4}.Release|Any CPU.Build.0 = Release|Any CPU
		{B790913E-F521-4215-9DB9-50966CED4D7A}.Debug|Any CPU.ActiveCfg = Debug|Any CPU
		{B790913E-F521-4215-9DB9-50966CED4D7A}.Debug|Any CPU.Build.0 = Debug|Any CPU
		{B790913E-F521-4215-9DB9-50966CED4D7A}.Release|Any CPU.ActiveCfg = Release|Any CPU
		{B790913E-F521-4215-9DB9-50966CED4D7A}.Release|Any CPU.Build.0 = Release|Any CPU
		{B2C30530-F482-4E38-B1E2-AC4C114B72F3}.Debug|Any CPU.ActiveCfg = Debug|Any CPU
		{B2C30530-F482-4E38-B1E2-AC4C114B72F3}.Debug|Any CPU.Build.0 = Debug|Any CPU
		{B2C30530-F482-4E38-B1E2-AC4C114B72F3}.Release|Any CPU.ActiveCfg = Release|Any CPU
		{B2C30530-F482-4E38-B1E2-AC4C114B72F3}.Release|Any CPU.Build.0 = Release|Any CPU
		{472E153F-DC9D-4F41-9534-97DC681B5679}.Debug|Any CPU.ActiveCfg = Debug|Any CPU
		{472E153F-DC9D-4F41-9534-97DC681B5679}.Debug|Any CPU.Build.0 = Debug|Any CPU
		{472E153F-DC9D-4F41-9534-97DC681B5679}.Release|Any CPU.ActiveCfg = Release|Any CPU
		{472E153F-DC9D-4F41-9534-97DC681B5679}.Release|Any CPU.Build.0 = Release|Any CPU
		{C98F57B2-6540-4C9D-BA23-28E0C24C6018}.Debug|Any CPU.ActiveCfg = Debug|Any CPU
		{C98F57B2-6540-4C9D-BA23-28E0C24C6018}.Debug|Any CPU.Build.0 = Debug|Any CPU
		{C98F57B2-6540-4C9D-BA23-28E0C24C6018}.Release|Any CPU.ActiveCfg = Release|Any CPU
		{C98F57B2-6540-4C9D-BA23-28E0C24C6018}.Release|Any CPU.Build.0 = Release|Any CPU
	EndGlobalSection
	GlobalSection(NestedProjects) = preSolution
		{951AC660-7501-41D5-BD21-E48175663EBD} = {F6E37144-7EDD-4DC9-858B-161925FDB17A}
		{B2C30530-F482-4E38-B1E2-AC4C114B72F3} = {3F6A33A0-638E-4075-9DE9-0B4A876EFB6A}
		{799F2F65-E48D-4750-81AD-14724921F6A8} = {A96A691D-B1C4-4A10-A873-4109635E191D}
		{F6E37144-7EDD-4DC9-858B-161925FDB17A} = {799F2F65-E48D-4750-81AD-14724921F6A8}
		{940213F3-E1F2-4373-9994-6C5C79A66610} = {799F2F65-E48D-4750-81AD-14724921F6A8}
		{D9DEE159-10CF-43C3-ACB2-591AC50C57C4} = {799F2F65-E48D-4750-81AD-14724921F6A8}
		{B790913E-F521-4215-9DB9-50966CED4D7A} = {799F2F65-E48D-4750-81AD-14724921F6A8}
		{3D623FD8-D992-4241-A62B-FC6F0A73CB4E} = {799F2F65-E48D-4750-81AD-14724921F6A8}
		{472E153F-DC9D-4F41-9534-97DC681B5679} = {799F2F65-E48D-4750-81AD-14724921F6A8}
		{C98F57B2-6540-4C9D-BA23-28E0C24C6018} = {A96A691D-B1C4-4A10-A873-4109635E191D}
	EndGlobalSection
EndGlobal
